
Microsoft Visual Studio Solution File, Format Version 12.00
# Visual Studio Version 16
VisualStudioVersion = 16.0.31702.278
MinimumVisualStudioVersion = 10.0.40219.1
Project("{FAE04EC0-301F-11D3-BF4B-00C04F79EFBC}") = "CountingCharacters", "CountingCharacters\CountingCharacters.csproj", "{2F67F961-DC7B-43E4-9042-D2CB4FF6B57C}"
EndProject
Global
	GlobalSection(SolutionConfigurationPlatforms) = preSolution
		Debug|Any CPU = Debug|Any CPU
		Release|Any CPU = Release|Any CPU
	EndGlobalSection
	GlobalSection(ProjectConfigurationPlatforms) = postSolution
		{2F67F961-DC7B-43E4-9042-D2CB4FF6B57C}.Debug|Any CPU.ActiveCfg = Debug|Any CPU
		{2F67F961-DC7B-43E4-9042-D2CB4FF6B57C}.Debug|Any CPU.Build.0 = Debug|Any CPU
		{2F67F961-DC7B-43E4-9042-D2CB4FF6B57C}.Release|Any CPU.ActiveCfg = Release|Any CPU
		{2F67F961-DC7B-43E4-9042-D2CB4FF6B57C}.Release|Any CPU.Build.0 = Release|Any CPU
	EndGlobalSection
	GlobalSection(SolutionProperties) = preSolution
		HideSolutionNode = FALSE
	EndGlobalSection
	GlobalSection(ExtensibilityGlobals) = postSolution
		SolutionGuid = {AD6BD9C9-B6E2-4C28-AFA9-154AC6B8A714}
	EndGlobalSection
EndGlobal
